
Microsoft Visual Studio Solution File, Format Version 12.00
# Visual Studio Version 16
VisualStudioVersion = 16.0.29806.167
MinimumVisualStudioVersion = 10.0.40219.1
Project("{FAE04EC0-301F-11D3-BF4B-00C04F79EFBC}") = "quick-screen-recorder", "quick-screen-recorder\quick-screen-recorder.csproj", "{739D3A11-1F74-40EF-8CA8-3789066D7E58}"
EndProject
Project("{54435603-DBB4-11D2-8724-00A0C9A8B90C}") = "QuickScreenRecorder-Setup", "QuickScreenRecorder-Setup\QuickScreenRecorder-Setup.vdproj", "{14ECE460-6D08-4B38-861F-5A86D2155C3D}"
EndProject
Global
	GlobalSection(SolutionConfigurationPlatforms) = preSolution
		Debug|Any CPU = Debug|Any CPU
		Release|Any CPU = Release|Any CPU
	EndGlobalSection
	GlobalSection(ProjectConfigurationPlatforms) = postSolution
		{739D3A11-1F74-40EF-8CA8-3789066D7E58}.Debug|Any CPU.ActiveCfg = Debug|Any CPU
		{739D3A11-1F74-40EF-8CA8-3789066D7E58}.Debug|Any CPU.Build.0 = Debug|Any CPU
		{739D3A11-1F74-40EF-8CA8-3789066D7E58}.Release|Any CPU.ActiveCfg = Release|Any CPU
		{739D3A11-1F74-40EF-8CA8-3789066D7E58}.Release|Any CPU.Build.0 = Release|Any CPU
		{14ECE460-6D08-4B38-861F-5A86D2155C3D}.Debug|Any CPU.ActiveCfg = Debug
		{14ECE460-6D08-4B38-861F-5A86D2155C3D}.Release|Any CPU.ActiveCfg = Release
	EndGlobalSection
	GlobalSection(SolutionProperties) = preSolution
		HideSolutionNode = FALSE
	EndGlobalSection
	GlobalSection(ExtensibilityGlobals) = postSolution
		SolutionGuid = {4A762F97-56EF-4C84-BDBB-5A17245A3BA9}
	EndGlobalSection
EndGlobal
